
Microsoft Visual Studio Solution File, Format Version 12.00
# Visual Studio Version 17
VisualStudioVersion = 17.1.32228.430
MinimumVisualStudioVersion = 10.0.40219.1
Project("{9A19103F-16F7-4668-BE54-9A1E7A4F7556}") = "temp", "temp.csproj", "{0C429C39-7255-4D3F-8EC0-FC70B7B66077}"
EndProject
Project("{9A19103F-16F7-4668-BE54-9A1E7A4F7556}") = "temp.UnitTests", "temp.UnitTests\temp.UnitTests.csproj", "{73D18741-3BD9-4C6F-A259-E5AA6D5EDED6}"
EndProject
Global
	GlobalSection(SolutionConfigurationPlatforms) = preSolution
		Debug|Any CPU = Debug|Any CPU
		Release|Any CPU = Release|Any CPU
	EndGlobalSection
	GlobalSection(ProjectConfigurationPlatforms) = postSolution
		{0C429C39-7255-4D3F-8EC0-FC70B7B66077}.Debug|Any CPU.ActiveCfg = Debug|Any CPU
		{0C429C39-7255-4D3F-8EC0-FC70B7B66077}.Debug|Any CPU.Build.0 = Debug|Any CPU
		{0C429C39-7255-4D3F-8EC0-FC70B7B66077}.Release|Any CPU.ActiveCfg = Release|Any CPU
		{0C429C39-7255-4D3F-8EC0-FC70B7B66077}.Release|Any CPU.Build.0 = Release|Any CPU
		{73D18741-3BD9-4C6F-A259-E5AA6D5EDED6}.Debug|Any CPU.ActiveCfg = Debug|Any CPU
		{73D18741-3BD9-4C6F-A259-E5AA6D5EDED6}.Debug|Any CPU.Build.0 = Debug|Any CPU
		{73D18741-3BD9-4C6F-A259-E5AA6D5EDED6}.Release|Any CPU.ActiveCfg = Release|Any CPU
		{73D18741-3BD9-4C6F-A259-E5AA6D5EDED6}.Release|Any CPU.Build.0 = Release|Any CPU
	EndGlobalSection
	GlobalSection(SolutionProperties) = preSolution
		HideSolutionNode = FALSE
	EndGlobalSection
	GlobalSection(ExtensibilityGlobals) = postSolution
		SolutionGuid = {21249526-432B-4309-A242-97A240D11318}
	EndGlobalSection
EndGlobal
